
Microsoft Visual Studio Solution File, Format Version 11.00
# Visual Studio 2010
Project("{FAE04EC0-301F-11D3-BF4B-00C04F79EFBC}") = "SolidworksActions", "SolidworksActions\SolidworksActions.csproj", "{02D474A6-D0B1-4A40-BD6A-E0A37A01E47F}"
EndProject
Global
	GlobalSection(SolutionConfigurationPlatforms) = preSolution
		Debug|Any CPU = Debug|Any CPU
		Release|Any CPU = Release|Any CPU
	EndGlobalSection
	GlobalSection(ProjectConfigurationPlatforms) = postSolution
		{02D474A6-D0B1-4A40-BD6A-E0A37A01E47F}.Debug|Any CPU.ActiveCfg = Debug|Any CPU
		{02D474A6-D0B1-4A40-BD6A-E0A37A01E47F}.Debug|Any CPU.Build.0 = Debug|Any CPU
		{02D474A6-D0B1-4A40-BD6A-E0A37A01E47F}.Release|Any CPU.ActiveCfg = Release|Any CPU
		{02D474A6-D0B1-4A40-BD6A-E0A37A01E47F}.Release|Any CPU.Build.0 = Release|Any CPU
	EndGlobalSection
	GlobalSection(SolutionProperties) = preSolution
		HideSolutionNode = FALSE
	EndGlobalSection
EndGlobal
