
Microsoft Visual Studio Solution File, Format Version 11.00
# Visual Studio 2010
Project("{FAE04EC0-301F-11D3-BF4B-00C04F79EFBC}") = "OfficeActions", "OfficeActions\OfficeActions.csproj", "{8AF1570A-89AA-4FA4-BEF9-B67C056A0BE1}"
EndProject
Global
	GlobalSection(SolutionConfigurationPlatforms) = preSolution
		Debug|Any CPU = Debug|Any CPU
		Release|Any CPU = Release|Any CPU
	EndGlobalSection
	GlobalSection(ProjectConfigurationPlatforms) = postSolution
		{8AF1570A-89AA-4FA4-BEF9-B67C056A0BE1}.Debug|Any CPU.ActiveCfg = Debug|Any CPU
		{8AF1570A-89AA-4FA4-BEF9-B67C056A0BE1}.Debug|Any CPU.Build.0 = Debug|Any CPU
		{8AF1570A-89AA-4FA4-BEF9-B67C056A0BE1}.Release|Any CPU.ActiveCfg = Release|Any CPU
		{8AF1570A-89AA-4FA4-BEF9-B67C056A0BE1}.Release|Any CPU.Build.0 = Release|Any CPU
	EndGlobalSection
	GlobalSection(SolutionProperties) = preSolution
		HideSolutionNode = FALSE
	EndGlobalSection
EndGlobal
